
Microsoft Visual Studio Solution File, Format Version 12.00
# Visual Studio 15
VisualStudioVersion = 15.0.28307.271
MinimumVisualStudioVersion = 10.0.40219.1
Project("{FAE04EC0-301F-11D3-BF4B-00C04F79EFBC}") = "DiceRoller", "DiceRoller\DiceRoller.csproj", "{0981FCC4-E84B-4CA3-B8B3-BD7E2D697CB7}"
EndProject
Global
	GlobalSection(SolutionConfigurationPlatforms) = preSolution
		Debug|Any CPU = Debug|Any CPU
		Release|Any CPU = Release|Any CPU
	EndGlobalSection
	GlobalSection(ProjectConfigurationPlatforms) = postSolution
		{0981FCC4-E84B-4CA3-B8B3-BD7E2D697CB7}.Debug|Any CPU.ActiveCfg = Debug|Any CPU
		{0981FCC4-E84B-4CA3-B8B3-BD7E2D697CB7}.Debug|Any CPU.Build.0 = Debug|Any CPU
		{0981FCC4-E84B-4CA3-B8B3-BD7E2D697CB7}.Release|Any CPU.ActiveCfg = Release|Any CPU
		{0981FCC4-E84B-4CA3-B8B3-BD7E2D697CB7}.Release|Any CPU.Build.0 = Release|Any CPU
	EndGlobalSection
	GlobalSection(SolutionProperties) = preSolution
		HideSolutionNode = FALSE
	EndGlobalSection
	GlobalSection(ExtensibilityGlobals) = postSolution
		SolutionGuid = {75C717D9-7FDE-4E41-AAB3-1C3374EE5F44}
	EndGlobalSection
EndGlobal
